
Microsoft Visual Studio Solution File, Format Version 12.00
# Visual Studio 15
VisualStudioVersion = 15.0.26124.0
MinimumVisualStudioVersion = 15.0.26124.0
Project("{2150E333-8FDC-42A3-9474-1A3956D46DE8}") = "src", "src", "{F756BE52-940A-4D3D-BBC3-5F0D5F6EC560}"
EndProject
Project("{FAE04EC0-301F-11D3-BF4B-00C04F79EFBC}") = "unpkg", "src\cli\unpkg.csproj", "{9CBAC885-EBF9-419A-9E74-EE56199491E7}"
EndProject
Project("{FAE04EC0-301F-11D3-BF4B-00C04F79EFBC}") = "RendleLabs.Unpkg", "src\RendleLabs.Unpkg\RendleLabs.Unpkg.csproj", "{3C399570-7893-4D32-A7F7-4838905F5648}"
EndProject
Project("{FAE04EC0-301F-11D3-BF4B-00C04F79EFBC}") = "RendleLabs.Unpkg.Build", "src\RendleLabs.Unpkg.Build\RendleLabs.Unpkg.Build.csproj", "{13C04E76-7C18-476C-ACBD-ECAB4FE3A2B3}"
EndProject
Project("{2150E333-8FDC-42A3-9474-1A3956D46DE8}") = "test", "test", "{81F49E61-16B8-47C2-AEDD-65ACC7A4F0B5}"
EndProject
Project("{FAE04EC0-301F-11D3-BF4B-00C04F79EFBC}") = "TestConsoleApp", "test\TestConsoleApp\TestConsoleApp.csproj", "{2D367013-A448-45A7-AF0C-967FE7E27118}"
EndProject
Global
	GlobalSection(SolutionConfigurationPlatforms) = preSolution
		Debug|Any CPU = Debug|Any CPU
		Debug|x64 = Debug|x64
		Debug|x86 = Debug|x86
		Release|Any CPU = Release|Any CPU
		Release|x64 = Release|x64
		Release|x86 = Release|x86
	EndGlobalSection
	GlobalSection(SolutionProperties) = preSolution
		HideSolutionNode = FALSE
	EndGlobalSection
	GlobalSection(ProjectConfigurationPlatforms) = postSolution
		{9CBAC885-EBF9-419A-9E74-EE56199491E7}.Debug|Any CPU.ActiveCfg = Debug|Any CPU
		{9CBAC885-EBF9-419A-9E74-EE56199491E7}.Debug|Any CPU.Build.0 = Debug|Any CPU
		{9CBAC885-EBF9-419A-9E74-EE56199491E7}.Debug|x64.ActiveCfg = Debug|Any CPU
		{9CBAC885-EBF9-419A-9E74-EE56199491E7}.Debug|x64.Build.0 = Debug|Any CPU
		{9CBAC885-EBF9-419A-9E74-EE56199491E7}.Debug|x86.ActiveCfg = Debug|Any CPU
		{9CBAC885-EBF9-419A-9E74-EE56199491E7}.Debug|x86.Build.0 = Debug|Any CPU
		{9CBAC885-EBF9-419A-9E74-EE56199491E7}.Release|Any CPU.ActiveCfg = Release|Any CPU
		{9CBAC885-EBF9-419A-9E74-EE56199491E7}.Release|Any CPU.Build.0 = Release|Any CPU
		{9CBAC885-EBF9-419A-9E74-EE56199491E7}.Release|x64.ActiveCfg = Release|Any CPU
		{9CBAC885-EBF9-419A-9E74-EE56199491E7}.Release|x64.Build.0 = Release|Any CPU
		{9CBAC885-EBF9-419A-9E74-EE56199491E7}.Release|x86.ActiveCfg = Release|Any CPU
		{9CBAC885-EBF9-419A-9E74-EE56199491E7}.Release|x86.Build.0 = Release|Any CPU
		{3C399570-7893-4D32-A7F7-4838905F5648}.Debug|Any CPU.ActiveCfg = Debug|Any CPU
		{3C399570-7893-4D32-A7F7-4838905F5648}.Debug|Any CPU.Build.0 = Debug|Any CPU
		{3C399570-7893-4D32-A7F7-4838905F5648}.Debug|x64.ActiveCfg = Debug|Any CPU
		{3C399570-7893-4D32-A7F7-4838905F5648}.Debug|x64.Build.0 = Debug|Any CPU
		{3C399570-7893-4D32-A7F7-4838905F5648}.Debug|x86.ActiveCfg = Debug|Any CPU
		{3C399570-7893-4D32-A7F7-4838905F5648}.Debug|x86.Build.0 = Debug|Any CPU
		{3C399570-7893-4D32-A7F7-4838905F5648}.Release|Any CPU.ActiveCfg = Release|Any CPU
		{3C399570-7893-4D32-A7F7-4838905F5648}.Release|Any CPU.Build.0 = Release|Any CPU
		{3C399570-7893-4D32-A7F7-4838905F5648}.Release|x64.ActiveCfg = Release|Any CPU
		{3C399570-7893-4D32-A7F7-4838905F5648}.Release|x64.Build.0 = Release|Any CPU
		{3C399570-7893-4D32-A7F7-4838905F5648}.Release|x86.ActiveCfg = Release|Any CPU
		{3C399570-7893-4D32-A7F7-4838905F5648}.Release|x86.Build.0 = Release|Any CPU
		{13C04E76-7C18-476C-ACBD-ECAB4FE3A2B3}.Debug|Any CPU.ActiveCfg = Debug|Any CPU
		{13C04E76-7C18-476C-ACBD-ECAB4FE3A2B3}.Debug|Any CPU.Build.0 = Debug|Any CPU
		{13C04E76-7C18-476C-ACBD-ECAB4FE3A2B3}.Debug|x64.ActiveCfg = Debug|Any CPU
		{13C04E76-7C18-476C-ACBD-ECAB4FE3A2B3}.Debug|x64.Build.0 = Debug|Any CPU
		{13C04E76-7C18-476C-ACBD-ECAB4FE3A2B3}.Debug|x86.ActiveCfg = Debug|Any CPU
		{13C04E76-7C18-476C-ACBD-ECAB4FE3A2B3}.Debug|x86.Build.0 = Debug|Any CPU
		{13C04E76-7C18-476C-ACBD-ECAB4FE3A2B3}.Release|Any CPU.ActiveCfg = Release|Any CPU
		{13C04E76-7C18-476C-ACBD-ECAB4FE3A2B3}.Release|Any CPU.Build.0 = Release|Any CPU
		{13C04E76-7C18-476C-ACBD-ECAB4FE3A2B3}.Release|x64.ActiveCfg = Release|Any CPU
		{13C04E76-7C18-476C-ACBD-ECAB4FE3A2B3}.Release|x64.Build.0 = Release|Any CPU
		{13C04E76-7C18-476C-ACBD-ECAB4FE3A2B3}.Release|x86.ActiveCfg = Release|Any CPU
		{13C04E76-7C18-476C-ACBD-ECAB4FE3A2B3}.Release|x86.Build.0 = Release|Any CPU
		{2D367013-A448-45A7-AF0C-967FE7E27118}.Debug|Any CPU.ActiveCfg = Debug|Any CPU
		{2D367013-A448-45A7-AF0C-967FE7E27118}.Debug|Any CPU.Build.0 = Debug|Any CPU
		{2D367013-A448-45A7-AF0C-967FE7E27118}.Debug|x64.ActiveCfg = Debug|Any CPU
		{2D367013-A448-45A7-AF0C-967FE7E27118}.Debug|x64.Build.0 = Debug|Any CPU
		{2D367013-A448-45A7-AF0C-967FE7E27118}.Debug|x86.ActiveCfg = Debug|Any CPU
		{2D367013-A448-45A7-AF0C-967FE7E27118}.Debug|x86.Build.0 = Debug|Any CPU
		{2D367013-A448-45A7-AF0C-967FE7E27118}.Release|Any CPU.ActiveCfg = Release|Any CPU
		{2D367013-A448-45A7-AF0C-967FE7E27118}.Release|Any CPU.Build.0 = Release|Any CPU
		{2D367013-A448-45A7-AF0C-967FE7E27118}.Release|x64.ActiveCfg = Release|Any CPU
		{2D367013-A448-45A7-AF0C-967FE7E27118}.Release|x64.Build.0 = Release|Any CPU
		{2D367013-A448-45A7-AF0C-967FE7E27118}.Release|x86.ActiveCfg = Release|Any CPU
		{2D367013-A448-45A7-AF0C-967FE7E27118}.Release|x86.Build.0 = Release|Any CPU
	EndGlobalSection
	GlobalSection(NestedProjects) = preSolution
		{9CBAC885-EBF9-419A-9E74-EE56199491E7} = {F756BE52-940A-4D3D-BBC3-5F0D5F6EC560}
		{3C399570-7893-4D32-A7F7-4838905F5648} = {F756BE52-940A-4D3D-BBC3-5F0D5F6EC560}
		{13C04E76-7C18-476C-ACBD-ECAB4FE3A2B3} = {F756BE52-940A-4D3D-BBC3-5F0D5F6EC560}
		{2D367013-A448-45A7-AF0C-967FE7E27118} = {81F49E61-16B8-47C2-AEDD-65ACC7A4F0B5}
	EndGlobalSection
EndGlobal
